<?xml version="1.0" encoding="utf-8"?>
<Project ToolsVersion="4.0" xmlns="http://schemas.microsoft.com/developer/msbuild/2003">
  <ItemGroup>
    <Filter Include="Source Files">
      <UniqueIdentifier>{4FC737F1-C7A5-4376-A066-2A32D752A2FF}</UniqueIdentifier>
      <Extensions>cpp;c;cc;cxx;def;odl;idl;hpj;bat;asm;asmx</Extensions>
    </Filter>
    <Filter Include="Header Files">
      <UniqueIdentifier>{93995380-89BD-4b04-88EB-625FBE52EBFB}</UniqueIdentifier>
      <Extensions>h;hh;hpp;hxx;hm;inl;inc;ipp;xsd</Extensions>
    </Filter>
    <Filter Include="Resource Files">
      <UniqueIdentifier>{67DA6AB6-F800-4c08-8B7A-83BB121AAD01}</UniqueIdentifier>
      <Extensions>rc;ico;cur;bmp;dlg;rc2;rct;bin;rgs;gif;jpg;jpeg;jpe;resx;tiff;tif;png;wav;mfcribbon-ms</Extensions>
    </Filter>
  </ItemGroup>
  <ItemGroup>
    <None Include="README.md" />
    <None Include="LICENSE" />
    <None Include=".gitignore" />
    <None Include="res\shaders\Common.hlsli" />
    <None Include="res\shaders\shadertoolsconfig.json" />
  </ItemGroup>
  <ItemGroup>
    <ClCompile Include="src\WinMain.cpp">
      <Filter>Source Files</Filter>
    </ClCompile>
    <ClCompile Include="src\App.cpp">
      <Filter>Source Files</Filter>
    </ClCompile>
    <ClCompile Include="src\graphics\Renderer.cpp">
      <Filter>Source Files</Filter>
    </ClCompile>
    <ClCompile Include="src\pch.cpp">
      <Filter>Source Files</Filter>
    </ClCompile>
    <ClCompile Include="src\core\StepTimer.cpp">
      <Filter>Source Files</Filter>
    </ClCompile>
    <ClCompile Include="src\graphics\DXException.cpp">
      <Filter>Source Files</Filter>
    </ClCompile>
    <ClCompile Include="src\graphics\RenderCommand.cpp">
      <Filter>Source Files</Filter>
    </ClCompile>
    <ClCompile Include="lib\imgui\misc\cpp\imgui_stdlib.cpp">
      <Filter>Source Files</Filter>
    </ClCompile>
    <ClCompile Include="lib\imgui\misc\fonts\binary_to_compressed_c.cpp">
      <Filter>Source Files</Filter>
    </ClCompile>
    <ClCompile Include="lib\imgui\imgui.cpp">
      <Filter>Source Files</Filter>
    </ClCompile>
    <ClCompile Include="lib\imgui\imgui_demo.cpp">
      <Filter>Source Files</Filter>
    </ClCompile>
    <ClCompile Include="lib\imgui\imgui_draw.cpp">
      <Filter>Source Files</Filter>
    </ClCompile>
    <ClCompile Include="lib\imgui\imgui_impl_dx11.cpp">
      <Filter>Source Files</Filter>
    </ClCompile>
    <ClCompile Include="lib\imgui\imgui_impl_win32.cpp">
      <Filter>Source Files</Filter>
    </ClCompile>
    <ClCompile Include="lib\imgui\imgui_widgets.cpp">
      <Filter>Source Files</Filter>
    </ClCompile>
    <ClCompile Include="lib\microsoft-dds-texture-loader\DDSTextureLoader.cpp">
      <Filter>Source Files</Filter>
    </ClCompile>
    <ClCompile Include="lib\microsoft-wic-texture-loader\WICTextureLoader.cpp">
      <Filter>Source Files</Filter>
    </ClCompile>
    <ClCompile Include="src\systems\RenderSystem.cpp">
      <Filter>Source Files</Filter>
    </ClCompile>
    <ClCompile Include="src\core\Context.cpp">
      <Filter>Source Files</Filter>
    </ClCompile>
    <ClCompile Include="src\components\graphics\GraphicsComponents.cpp">
      <Filter>Source Files</Filter>
    </ClCompile>
    <ClCompile Include="src\factories\components\MeshPrimitiveFactory.cpp">
      <Filter>Source Files</Filter>
    </ClCompile>
    <ClCompile Include="src\examples\basics\basic-triangle\BasicTriangle.cpp">
      <Filter>Source Files</Filter>
    </ClCompile>
    <ClCompile Include="src\examples\basics\model-loading\ModelLoading.cpp">
      <Filter>Source Files</Filter>
    </ClCompile>
    <ClCompile Include="src\examples\basics\rotating-cube\RotatingCube.cpp">
      <Filter>Source Files</Filter>
    </ClCompile>
    <ClCompile Include="src\examples\basics\textured-primitives\TexturedPrimitives.cpp">
      <Filter>Source Files</Filter>
    </ClCompile>
    <ClCompile Include="src\factories\entities\ModelFactory.cpp">
      <Filter>Source Files</Filter>
    </ClCompile>
    <ClCompile Include="src\components\physics\PhysicsComponents.cpp">
      <Filter>Source Files</Filter>
    </ClCompile>
    <ClCompile Include="src\graphics\Graphics.cpp">
      <Filter>Source Files</Filter>
    </ClCompile>
    <ClCompile Include="src\systems\CameraSystem.cpp">
      <Filter>Source Files</Filter>
    </ClCompile>
    <ClCompile Include="src\examples\intermediate\gamma-correction\GammaCorrection.cpp">
      <Filter>Source Files</Filter>
    </ClCompile>
    <ClCompile Include="src\examples\intermediate\hdr\HDR.cpp">
      <Filter>Source Files</Filter>
    </ClCompile>
    <ClCompile Include="src\examples\pbr\directional-light\PBRDirectionalLight.cpp">
      <Filter>Source Files</Filter>
    </ClCompile>
    <ClCompile Include="src\examples\blinn-phong\directional-light\PhongDirectionalLight.cpp">
      <Filter>Source Files</Filter>
    </ClCompile>
    <ClCompile Include="src\examples\blinn-phong\materials\PhongMaterials.cpp">
      <Filter>Source Files</Filter>
    </ClCompile>
    <ClCompile Include="src\examples\blinn-phong\multiple-light-types\PhongMultipleLightTypes.cpp">
      <Filter>Source Files</Filter>
    </ClCompile>
    <ClCompile Include="src\scomponents\graphics\SingletonGraphicsComponents.cpp">
      <Filter>Source Files</Filter>
    </ClCompile>
    <ClCompile Include="src\scomponents\io\SingletonIOComponents.cpp">
      <Filter>Source Files</Filter>
    </ClCompile>
  </ItemGroup>
  <ItemGroup>
    <ClInclude Include="src\App.h">
      <Filter>Header Files</Filter>
    </ClInclude>
    <ClInclude Include="src\graphics\Renderer.h">
      <Filter>Header Files</Filter>
    </ClInclude>
    <ClInclude Include="src\pch.h">
      <Filter>Header Files</Filter>
    </ClInclude>
    <ClInclude Include="src\core\StepTimer.h">
      <Filter>Header Files</Filter>
    </ClInclude>
    <ClInclude Include="src\graphics\DXException.h">
      <Filter>Header Files</Filter>
    </ClInclude>
    <ClInclude Include="src\graphics\RenderCommand.h">
      <Filter>Header Files</Filter>
    </ClInclude>
    <ClInclude Include="src\graphics\DXObjects.h">
      <Filter>Header Files</Filter>
    </ClInclude>
    <ClInclude Include="lib\imgui\misc\cpp\imgui_stdlib.h">
      <Filter>Header Files</Filter>
    </ClInclude>
    <ClInclude Include="lib\imgui\imconfig.h">
      <Filter>Header Files</Filter>
    </ClInclude>
    <ClInclude Include="lib\imgui\imgui.h">
      <Filter>Header Files</Filter>
    </ClInclude>
    <ClInclude Include="lib\imgui\imgui_impl_dx11.h">
      <Filter>Header Files</Filter>
    </ClInclude>
    <ClInclude Include="lib\imgui\imgui_impl_win32.h">
      <Filter>Header Files</Filter>
    </ClInclude>
    <ClInclude Include="lib\imgui\imgui_internal.h">
      <Filter>Header Files</Filter>
    </ClInclude>
    <ClInclude Include="lib\imgui\imstb_rectpack.h">
      <Filter>Header Files</Filter>
    </ClInclude>
    <ClInclude Include="lib\imgui\imstb_textedit.h">
      <Filter>Header Files</Filter>
    </ClInclude>
    <ClInclude Include="lib\imgui\imstb_truetype.h">
      <Filter>Header Files</Filter>
    </ClInclude>
    <ClInclude Include="lib\microsoft-dds-texture-loader\DDSTextureLoader.h">
      <Filter>Header Files</Filter>
    </ClInclude>
    <ClInclude Include="lib\microsoft-wic-texture-loader\WICTextureLoader.h">
      <Filter>Header Files</Filter>
    </ClInclude>
    <ClInclude Include="lib\entt\config\config.h">
      <Filter>Header Files</Filter>
    </ClInclude>
    <ClInclude Include="lib\entt\config\version.h">
      <Filter>Header Files</Filter>
    </ClInclude>
    <ClInclude Include="lib\entt\core\algorithm.hpp">
      <Filter>Header Files</Filter>
    </ClInclude>
    <ClInclude Include="lib\entt\core\family.hpp">
      <Filter>Header Files</Filter>
    </ClInclude>
    <ClInclude Include="lib\entt\core\hashed_string.hpp">
      <Filter>Header Files</Filter>
    </ClInclude>
    <ClInclude Include="lib\entt\core\ident.hpp">
      <Filter>Header Files</Filter>
    </ClInclude>
    <ClInclude Include="lib\entt\core\monostate.hpp">
      <Filter>Header Files</Filter>
    </ClInclude>
    <ClInclude Include="lib\entt\core\type_traits.hpp">
      <Filter>Header Files</Filter>
    </ClInclude>
    <ClInclude Include="lib\entt\core\utility.hpp">
      <Filter>Header Files</Filter>
    </ClInclude>
    <ClInclude Include="lib\entt\entity\actor.hpp">
      <Filter>Header Files</Filter>
    </ClInclude>
    <ClInclude Include="lib\entt\entity\entity.hpp">
      <Filter>Header Files</Filter>
    </ClInclude>
    <ClInclude Include="lib\entt\entity\fwd.hpp">
      <Filter>Header Files</Filter>
    </ClInclude>
    <ClInclude Include="lib\entt\entity\group.hpp">
      <Filter>Header Files</Filter>
    </ClInclude>
    <ClInclude Include="lib\entt\entity\helper.hpp">
      <Filter>Header Files</Filter>
    </ClInclude>
    <ClInclude Include="lib\entt\entity\prototype.hpp">
      <Filter>Header Files</Filter>
    </ClInclude>
    <ClInclude Include="lib\entt\entity\registry.hpp">
      <Filter>Header Files</Filter>
    </ClInclude>
    <ClInclude Include="lib\entt\entity\runtime_view.hpp">
      <Filter>Header Files</Filter>
    </ClInclude>
    <ClInclude Include="lib\entt\entity\snapshot.hpp">
      <Filter>Header Files</Filter>
    </ClInclude>
    <ClInclude Include="lib\entt\entity\sparse_set.hpp">
      <Filter>Header Files</Filter>
    </ClInclude>
    <ClInclude Include="lib\entt\entity\storage.hpp">
      <Filter>Header Files</Filter>
    </ClInclude>
    <ClInclude Include="lib\entt\entity\view.hpp">
      <Filter>Header Files</Filter>
    </ClInclude>
    <ClInclude Include="lib\entt\locator\locator.hpp">
      <Filter>Header Files</Filter>
    </ClInclude>
    <ClInclude Include="lib\entt\meta\factory.hpp">
      <Filter>Header Files</Filter>
    </ClInclude>
    <ClInclude Include="lib\entt\meta\meta.hpp">
      <Filter>Header Files</Filter>
    </ClInclude>
    <ClInclude Include="lib\entt\process\process.hpp">
      <Filter>Header Files</Filter>
    </ClInclude>
    <ClInclude Include="lib\entt\process\scheduler.hpp">
      <Filter>Header Files</Filter>
    </ClInclude>
    <ClInclude Include="lib\entt\resource\cache.hpp">
      <Filter>Header Files</Filter>
    </ClInclude>
    <ClInclude Include="lib\entt\resource\fwd.hpp">
      <Filter>Header Files</Filter>
    </ClInclude>
    <ClInclude Include="lib\entt\resource\handle.hpp">
      <Filter>Header Files</Filter>
    </ClInclude>
    <ClInclude Include="lib\entt\resource\loader.hpp">
      <Filter>Header Files</Filter>
    </ClInclude>
    <ClInclude Include="lib\entt\signal\delegate.hpp">
      <Filter>Header Files</Filter>
    </ClInclude>
    <ClInclude Include="lib\entt\signal\dispatcher.hpp">
      <Filter>Header Files</Filter>
    </ClInclude>
    <ClInclude Include="lib\entt\signal\emitter.hpp">
      <Filter>Header Files</Filter>
    </ClInclude>
    <ClInclude Include="lib\entt\signal\fwd.hpp">
      <Filter>Header Files</Filter>
    </ClInclude>
    <ClInclude Include="lib\entt\signal\sigh.hpp">
      <Filter>Header Files</Filter>
    </ClInclude>
    <ClInclude Include="lib\entt\entt.hpp">
      <Filter>Header Files</Filter>
    </ClInclude>
    <ClInclude Include="lib\entt\fwd.hpp">
      <Filter>Header Files</Filter>
    </ClInclude>
    <ClInclude Include="src\components\graphics\Layer.h">
      <Filter>Header Files</Filter>
    </ClInclude>
    <ClInclude Include="src\components\graphics\Mesh.h">
      <Filter>Header Files</Filter>
    </ClInclude>
    <ClInclude Include="src\systems\ISystem.h">
      <Filter>Header Files</Filter>
    </ClInclude>
    <ClInclude Include="src\systems\RenderSystem.h">
      <Filter>Header Files</Filter>
    </ClInclude>
    <ClInclude Include="src\components\graphics\Shader.h">
      <Filter>Header Files</Filter>
    </ClInclude>
    <ClInclude Include="src\core\Context.h">
      <Filter>Header Files</Filter>
    </ClInclude>
    <ClInclude Include="src\components\graphics\Model.h">
      <Filter>Header Files</Filter>
    </ClInclude>
    <ClInclude Include="src\factories\components\MeshPrimitiveFactory.h">
      <Filter>Header Files</Filter>
    </ClInclude>
    <ClInclude Include="lib\fx\gltf.h">
      <Filter>Header Files</Filter>
    </ClInclude>
    <ClInclude Include="lib\nlohmann\json.hpp">
      <Filter>Header Files</Filter>
    </ClInclude>
    <ClInclude Include="src\examples\basics\basic-triangle\BasicTriangle.h">
      <Filter>Header Files</Filter>
    </ClInclude>
    <ClInclude Include="src\examples\basics\model-loading\ModelLoading.h">
      <Filter>Header Files</Filter>
    </ClInclude>
    <ClInclude Include="src\examples\basics\rotating-cube\RotatingCube.h">
      <Filter>Header Files</Filter>
    </ClInclude>
    <ClInclude Include="src\examples\basics\textured-primitives\TexturedPrimitives.h">
      <Filter>Header Files</Filter>
    </ClInclude>
    <ClInclude Include="src\examples\IExample.h">
      <Filter>Header Files</Filter>
    </ClInclude>
    <ClInclude Include="src\factories\entities\ModelFactory.h">
      <Filter>Header Files</Filter>
    </ClInclude>
    <ClInclude Include="src\components\physics\Transform.h">
      <Filter>Header Files</Filter>
    </ClInclude>
    <ClInclude Include="src\graphics\ConstantBuffer.h">
      <Filter>Header Files</Filter>
    </ClInclude>
    <ClInclude Include="src\systems\CameraSystem.h">
      <Filter>Header Files</Filter>
    </ClInclude>
    <ClInclude Include="lib\entt\entity\observer.hpp">
      <Filter>Header Files</Filter>
    </ClInclude>
    <ClInclude Include="lib\entt\entity\utility.hpp">
      <Filter>Header Files</Filter>
    </ClInclude>
    <ClInclude Include="lib\entt\meta\policy.hpp">
      <Filter>Header Files</Filter>
    </ClInclude>
    <ClInclude Include="src\examples\intermediate\gamma-correction\GammaCorrection.h">
      <Filter>Header Files</Filter>
    </ClInclude>
    <ClInclude Include="src\examples\intermediate\hdr\HDR.h">
      <Filter>Header Files</Filter>
    </ClInclude>
    <ClInclude Include="src\examples\pbr\directional-light\PBRDirectionalLight.h">
      <Filter>Header Files</Filter>
    </ClInclude>
    <ClInclude Include="src\examples\blinn-phong\directional-light\PhongDirectionalLight.h">
      <Filter>Header Files</Filter>
    </ClInclude>
    <ClInclude Include="src\examples\blinn-phong\materials\PhongMaterials.h">
      <Filter>Header Files</Filter>
    </ClInclude>
    <ClInclude Include="src\examples\blinn-phong\multiple-light-types\PhongMultipleLightTypes.h">
      <Filter>Header Files</Filter>
    </ClInclude>
    <ClInclude Include="src\scomponents\graphics\Camera.h">
      <Filter>Header Files</Filter>
    </ClInclude>
    <ClInclude Include="src\scomponents\graphics\ConstantBuffers.h">
      <Filter>Header Files</Filter>
    </ClInclude>
    <ClInclude Include="src\scomponents\graphics\Lights.h">
      <Filter>Header Files</Filter>
    </ClInclude>
    <ClInclude Include="src\scomponents\graphics\Materials.h">
      <Filter>Header Files</Filter>
    </ClInclude>
    <ClInclude Include="src\scomponents\graphics\Samplers.h">
      <Filter>Header Files</Filter>
    </ClInclude>
    <ClInclude Include="src\scomponents\io\Inputs.h">
      <Filter>Header Files</Filter>
    </ClInclude>
    <ClInclude Include="src\components\physics\Relationship.h">
      <Filter>Header Files</Filter>
    </ClInclude>
  </ItemGroup>
  <ItemGroup>
    <Natvis Include="lib\imgui\misc\natvis\imgui.natvis" />
  </ItemGroup>
  <ItemGroup>
    <FxCompile Include="res\shaders\basics\basic-triangle\BasicTriangle_PS.hlsl" />
    <FxCompile Include="res\shaders\basics\basic-triangle\BasicTriangle_VS.hlsl" />
    <FxCompile Include="res\shaders\basics\model-loading\ModelLoading_PS.hlsl" />
    <FxCompile Include="res\shaders\basics\model-loading\ModelLoading_VS.hlsl" />
    <FxCompile Include="res\shaders\basics\rotating-cube\RotatingCube_PS.hlsl" />
    <FxCompile Include="res\shaders\basics\rotating-cube\RotatingCube_VS.hlsl" />
    <FxCompile Include="res\shaders\basics\textured-primitives\TexturedPrimitives_PS.hlsl" />
    <FxCompile Include="res\shaders\basics\textured-primitives\TexturedPrimitives_VS.hlsl" />
    <FxCompile Include="res\shaders\blinn-phong\directional-light\PhongDirectionalLight_VS.hlsl" />
    <FxCompile Include="res\shaders\blinn-phong\directional-light\PhongDirectionalLight_PS.hlsl" />
    <FxCompile Include="res\shaders\blinn-phong\materials\PhongMaterials_PS.hlsl" />
    <FxCompile Include="res\shaders\blinn-phong\materials\PhongMaterials_VS.hlsl" />
    <FxCompile Include="res\shaders\blinn-phong\multiple-light-types\PhongMultipleLightTypes_PS.hlsl" />
    <FxCompile Include="res\shaders\blinn-phong\multiple-light-types\PhongMultipleLightTypes_VS.hlsl" />
  </ItemGroup>
</Project>